
Microsoft Visual Studio Solution File, Format Version 12.00
# Visual Studio Version 16
VisualStudioVersion = 16.0.29021.104
MinimumVisualStudioVersion = 10.0.40219.1
Project("{9A19103F-16F7-4668-BE54-9A1E7A4F7556}") = "ManagedIdentityExample.Functions", "ManagedIdentityExample.Functions\ManagedIdentityExample.Functions.csproj", "{6BD45BF4-1039-4829-BF64-5F29698D03AF}"
EndProject
Project("{FAE04EC0-301F-11D3-BF4B-00C04F79EFBC}") = "ManagedIdentityExample.ConsoleApp", "ManagedIdentityExample.ConsoleApp\ManagedIdentityExample.ConsoleApp.csproj", "{454B7452-585F-47F7-8CA0-31AE20934176}"
EndProject
Global
	GlobalSection(SolutionConfigurationPlatforms) = preSolution
		Debug|Any CPU = Debug|Any CPU
		Release|Any CPU = Release|Any CPU
	EndGlobalSection
	GlobalSection(ProjectConfigurationPlatforms) = postSolution
		{6BD45BF4-1039-4829-BF64-5F29698D03AF}.Debug|Any CPU.ActiveCfg = Debug|Any CPU
		{6BD45BF4-1039-4829-BF64-5F29698D03AF}.Debug|Any CPU.Build.0 = Debug|Any CPU
		{6BD45BF4-1039-4829-BF64-5F29698D03AF}.Release|Any CPU.ActiveCfg = Release|Any CPU
		{6BD45BF4-1039-4829-BF64-5F29698D03AF}.Release|Any CPU.Build.0 = Release|Any CPU
		{454B7452-585F-47F7-8CA0-31AE20934176}.Debug|Any CPU.ActiveCfg = Debug|Any CPU
		{454B7452-585F-47F7-8CA0-31AE20934176}.Debug|Any CPU.Build.0 = Debug|Any CPU
		{454B7452-585F-47F7-8CA0-31AE20934176}.Release|Any CPU.ActiveCfg = Release|Any CPU
		{454B7452-585F-47F7-8CA0-31AE20934176}.Release|Any CPU.Build.0 = Release|Any CPU
	EndGlobalSection
	GlobalSection(SolutionProperties) = preSolution
		HideSolutionNode = FALSE
	EndGlobalSection
	GlobalSection(ExtensibilityGlobals) = postSolution
		SolutionGuid = {E2FACB19-708C-41D3-BD13-47D807520C29}
	EndGlobalSection
EndGlobal
